
Microsoft Visual Studio Solution File, Format Version 12.00
# Visual Studio 14
VisualStudioVersion = 14.0.25420.1
MinimumVisualStudioVersion = 10.0.40219.1
Project("{FAE04EC0-301F-11D3-BF4B-00C04F79EFBC}") = "1", "1\1.csproj", "{3A055D37-A9F9-4FE2-9F18-8E366D889F19}"
EndProject
Project("{FAE04EC0-301F-11D3-BF4B-00C04F79EFBC}") = "2", "2\2.csproj", "{64E8E569-D446-4A94-BBD4-761B5E6E6896}"
EndProject
Project("{FAE04EC0-301F-11D3-BF4B-00C04F79EFBC}") = "3", "3\3.csproj", "{D6388339-0E37-45CA-8D14-BED8FD00AF02}"
EndProject
Project("{FAE04EC0-301F-11D3-BF4B-00C04F79EFBC}") = "4", "4\4.csproj", "{10FB543B-86E4-4BB6-9F93-2D7527B95791}"
EndProject
Project("{FAE04EC0-301F-11D3-BF4B-00C04F79EFBC}") = "5", "5\5.csproj", "{DCD7A59B-F78B-4CA9-B183-DAC312CFBD13}"
EndProject
Project("{FAE04EC0-301F-11D3-BF4B-00C04F79EFBC}") = "6", "6\6.csproj", "{7E4810FC-23D3-4C50-A29C-BE2D63308CA4}"
EndProject
Project("{FAE04EC0-301F-11D3-BF4B-00C04F79EFBC}") = "7", "7\7.csproj", "{3CD12C58-C711-4E59-8A67-37336F626D29}"
EndProject
Project("{FAE04EC0-301F-11D3-BF4B-00C04F79EFBC}") = "8", "8\8.csproj", "{ADF59820-6F2E-486A-BE9F-D3049449C02D}"
EndProject
Project("{FAE04EC0-301F-11D3-BF4B-00C04F79EFBC}") = "9", "9\9.csproj", "{EFC15ED9-ABAD-439F-B399-02667C479405}"
EndProject
Project("{FAE04EC0-301F-11D3-BF4B-00C04F79EFBC}") = "10", "10\10.csproj", "{D6F2DED4-2154-4D40-BAAD-36ACA78E42CA}"
EndProject
Project("{FAE04EC0-301F-11D3-BF4B-00C04F79EFBC}") = "11", "11\11.csproj", "{3A3E0B26-80AA-443E-BB87-0DBA2A6FF767}"
EndProject
Project("{FAE04EC0-301F-11D3-BF4B-00C04F79EFBC}") = "12", "12\12.csproj", "{B75055A9-1F18-45A4-BC59-164DD54CFF62}"
EndProject
Project("{FAE04EC0-301F-11D3-BF4B-00C04F79EFBC}") = "13", "13\13.csproj", "{4442F4FF-C25A-4433-A842-36FBFA32A985}"
EndProject
Project("{FAE04EC0-301F-11D3-BF4B-00C04F79EFBC}") = "14", "14\14.csproj", "{41742973-12CD-40A7-ACB0-A2B537FB302D}"
EndProject
Project("{FAE04EC0-301F-11D3-BF4B-00C04F79EFBC}") = "15", "15\15.csproj", "{A52673F8-218E-4F96-8677-27F7E6ED8B3B}"
EndProject
Project("{FAE04EC0-301F-11D3-BF4B-00C04F79EFBC}") = "16", "16\16.csproj", "{D27EFEEC-704D-4AE5-B758-66AFA63D1E54}"
EndProject
Project("{FAE04EC0-301F-11D3-BF4B-00C04F79EFBC}") = "17", "17\17.csproj", "{E1F53231-0B6A-43CA-888C-8A3C52F897D3}"
EndProject
Project("{FAE04EC0-301F-11D3-BF4B-00C04F79EFBC}") = "18", "18\18.csproj", "{6D581488-1D43-46FA-B10F-24C38CDBC4F5}"
EndProject
Global
	GlobalSection(SolutionConfigurationPlatforms) = preSolution
		Debug|Any CPU = Debug|Any CPU
		Release|Any CPU = Release|Any CPU
	EndGlobalSection
	GlobalSection(ProjectConfigurationPlatforms) = postSolution
		{3A055D37-A9F9-4FE2-9F18-8E366D889F19}.Debug|Any CPU.ActiveCfg = Debug|Any CPU
		{3A055D37-A9F9-4FE2-9F18-8E366D889F19}.Debug|Any CPU.Build.0 = Debug|Any CPU
		{3A055D37-A9F9-4FE2-9F18-8E366D889F19}.Release|Any CPU.ActiveCfg = Release|Any CPU
		{3A055D37-A9F9-4FE2-9F18-8E366D889F19}.Release|Any CPU.Build.0 = Release|Any CPU
		{64E8E569-D446-4A94-BBD4-761B5E6E6896}.Debug|Any CPU.ActiveCfg = Debug|Any CPU
		{64E8E569-D446-4A94-BBD4-761B5E6E6896}.Debug|Any CPU.Build.0 = Debug|Any CPU
		{64E8E569-D446-4A94-BBD4-761B5E6E6896}.Release|Any CPU.ActiveCfg = Release|Any CPU
		{64E8E569-D446-4A94-BBD4-761B5E6E6896}.Release|Any CPU.Build.0 = Release|Any CPU
		{D6388339-0E37-45CA-8D14-BED8FD00AF02}.Debug|Any CPU.ActiveCfg = Debug|Any CPU
		{D6388339-0E37-45CA-8D14-BED8FD00AF02}.Debug|Any CPU.Build.0 = Debug|Any CPU
		{D6388339-0E37-45CA-8D14-BED8FD00AF02}.Release|Any CPU.ActiveCfg = Release|Any CPU
		{D6388339-0E37-45CA-8D14-BED8FD00AF02}.Release|Any CPU.Build.0 = Release|Any CPU
		{10FB543B-86E4-4BB6-9F93-2D7527B95791}.Debug|Any CPU.ActiveCfg = Debug|Any CPU
		{10FB543B-86E4-4BB6-9F93-2D7527B95791}.Debug|Any CPU.Build.0 = Debug|Any CPU
		{10FB543B-86E4-4BB6-9F93-2D7527B95791}.Release|Any CPU.ActiveCfg = Release|Any CPU
		{10FB543B-86E4-4BB6-9F93-2D7527B95791}.Release|Any CPU.Build.0 = Release|Any CPU
		{DCD7A59B-F78B-4CA9-B183-DAC312CFBD13}.Debug|Any CPU.ActiveCfg = Debug|Any CPU
		{DCD7A59B-F78B-4CA9-B183-DAC312CFBD13}.Debug|Any CPU.Build.0 = Debug|Any CPU
		{DCD7A59B-F78B-4CA9-B183-DAC312CFBD13}.Release|Any CPU.ActiveCfg = Release|Any CPU
		{DCD7A59B-F78B-4CA9-B183-DAC312CFBD13}.Release|Any CPU.Build.0 = Release|Any CPU
		{7E4810FC-23D3-4C50-A29C-BE2D63308CA4}.Debug|Any CPU.ActiveCfg = Debug|Any CPU
		{7E4810FC-23D3-4C50-A29C-BE2D63308CA4}.Debug|Any CPU.Build.0 = Debug|Any CPU
		{7E4810FC-23D3-4C50-A29C-BE2D63308CA4}.Release|Any CPU.ActiveCfg = Release|Any CPU
		{7E4810FC-23D3-4C50-A29C-BE2D63308CA4}.Release|Any CPU.Build.0 = Release|Any CPU
		{3CD12C58-C711-4E59-8A67-37336F626D29}.Debug|Any CPU.ActiveCfg = Debug|Any CPU
		{3CD12C58-C711-4E59-8A67-37336F626D29}.Debug|Any CPU.Build.0 = Debug|Any CPU
		{3CD12C58-C711-4E59-8A67-37336F626D29}.Release|Any CPU.ActiveCfg = Release|Any CPU
		{3CD12C58-C711-4E59-8A67-37336F626D29}.Release|Any CPU.Build.0 = Release|Any CPU
		{ADF59820-6F2E-486A-BE9F-D3049449C02D}.Debug|Any CPU.ActiveCfg = Debug|Any CPU
		{ADF59820-6F2E-486A-BE9F-D3049449C02D}.Debug|Any CPU.Build.0 = Debug|Any CPU
		{ADF59820-6F2E-486A-BE9F-D3049449C02D}.Release|Any CPU.ActiveCfg = Release|Any CPU
		{ADF59820-6F2E-486A-BE9F-D3049449C02D}.Release|Any CPU.Build.0 = Release|Any CPU
		{EFC15ED9-ABAD-439F-B399-02667C479405}.Debug|Any CPU.ActiveCfg = Debug|Any CPU
		{EFC15ED9-ABAD-439F-B399-02667C479405}.Debug|Any CPU.Build.0 = Debug|Any CPU
		{EFC15ED9-ABAD-439F-B399-02667C479405}.Release|Any CPU.ActiveCfg = Release|Any CPU
		{EFC15ED9-ABAD-439F-B399-02667C479405}.Release|Any CPU.Build.0 = Release|Any CPU
		{D6F2DED4-2154-4D40-BAAD-36ACA78E42CA}.Debug|Any CPU.ActiveCfg = Debug|Any CPU
		{D6F2DED4-2154-4D40-BAAD-36ACA78E42CA}.Debug|Any CPU.Build.0 = Debug|Any CPU
		{D6F2DED4-2154-4D40-BAAD-36ACA78E42CA}.Release|Any CPU.ActiveCfg = Release|Any CPU
		{D6F2DED4-2154-4D40-BAAD-36ACA78E42CA}.Release|Any CPU.Build.0 = Release|Any CPU
		{3A3E0B26-80AA-443E-BB87-0DBA2A6FF767}.Debug|Any CPU.ActiveCfg = Debug|Any CPU
		{3A3E0B26-80AA-443E-BB87-0DBA2A6FF767}.Debug|Any CPU.Build.0 = Debug|Any CPU
		{3A3E0B26-80AA-443E-BB87-0DBA2A6FF767}.Release|Any CPU.ActiveCfg = Release|Any CPU
		{3A3E0B26-80AA-443E-BB87-0DBA2A6FF767}.Release|Any CPU.Build.0 = Release|Any CPU
		{B75055A9-1F18-45A4-BC59-164DD54CFF62}.Debug|Any CPU.ActiveCfg = Debug|Any CPU
		{B75055A9-1F18-45A4-BC59-164DD54CFF62}.Debug|Any CPU.Build.0 = Debug|Any CPU
		{B75055A9-1F18-45A4-BC59-164DD54CFF62}.Release|Any CPU.ActiveCfg = Release|Any CPU
		{B75055A9-1F18-45A4-BC59-164DD54CFF62}.Release|Any CPU.Build.0 = Release|Any CPU
		{4442F4FF-C25A-4433-A842-36FBFA32A985}.Debug|Any CPU.ActiveCfg = Debug|Any CPU
		{4442F4FF-C25A-4433-A842-36FBFA32A985}.Debug|Any CPU.Build.0 = Debug|Any CPU
		{4442F4FF-C25A-4433-A842-36FBFA32A985}.Release|Any CPU.ActiveCfg = Release|Any CPU
		{4442F4FF-C25A-4433-A842-36FBFA32A985}.Release|Any CPU.Build.0 = Release|Any CPU
		{41742973-12CD-40A7-ACB0-A2B537FB302D}.Debug|Any CPU.ActiveCfg = Debug|Any CPU
		{41742973-12CD-40A7-ACB0-A2B537FB302D}.Debug|Any CPU.Build.0 = Debug|Any CPU
		{41742973-12CD-40A7-ACB0-A2B537FB302D}.Release|Any CPU.ActiveCfg = Release|Any CPU
		{41742973-12CD-40A7-ACB0-A2B537FB302D}.Release|Any CPU.Build.0 = Release|Any CPU
		{A52673F8-218E-4F96-8677-27F7E6ED8B3B}.Debug|Any CPU.ActiveCfg = Debug|Any CPU
		{A52673F8-218E-4F96-8677-27F7E6ED8B3B}.Debug|Any CPU.Build.0 = Debug|Any CPU
		{A52673F8-218E-4F96-8677-27F7E6ED8B3B}.Release|Any CPU.ActiveCfg = Release|Any CPU
		{A52673F8-218E-4F96-8677-27F7E6ED8B3B}.Release|Any CPU.Build.0 = Release|Any CPU
		{D27EFEEC-704D-4AE5-B758-66AFA63D1E54}.Debug|Any CPU.ActiveCfg = Debug|Any CPU
		{D27EFEEC-704D-4AE5-B758-66AFA63D1E54}.Debug|Any CPU.Build.0 = Debug|Any CPU
		{D27EFEEC-704D-4AE5-B758-66AFA63D1E54}.Release|Any CPU.ActiveCfg = Release|Any CPU
		{D27EFEEC-704D-4AE5-B758-66AFA63D1E54}.Release|Any CPU.Build.0 = Release|Any CPU
		{E1F53231-0B6A-43CA-888C-8A3C52F897D3}.Debug|Any CPU.ActiveCfg = Debug|Any CPU
		{E1F53231-0B6A-43CA-888C-8A3C52F897D3}.Debug|Any CPU.Build.0 = Debug|Any CPU
		{E1F53231-0B6A-43CA-888C-8A3C52F897D3}.Release|Any CPU.ActiveCfg = Release|Any CPU
		{E1F53231-0B6A-43CA-888C-8A3C52F897D3}.Release|Any CPU.Build.0 = Release|Any CPU
		{6D581488-1D43-46FA-B10F-24C38CDBC4F5}.Debug|Any CPU.ActiveCfg = Debug|Any CPU
		{6D581488-1D43-46FA-B10F-24C38CDBC4F5}.Debug|Any CPU.Build.0 = Debug|Any CPU
		{6D581488-1D43-46FA-B10F-24C38CDBC4F5}.Release|Any CPU.ActiveCfg = Release|Any CPU
		{6D581488-1D43-46FA-B10F-24C38CDBC4F5}.Release|Any CPU.Build.0 = Release|Any CPU
	EndGlobalSection
	GlobalSection(SolutionProperties) = preSolution
		HideSolutionNode = FALSE
	EndGlobalSection
EndGlobal
