
Microsoft Visual Studio Solution File, Format Version 12.00
# Visual Studio 14
VisualStudioVersion = 14.0.25420.1
MinimumVisualStudioVersion = 10.0.40219.1
Project("{FAE04EC0-301F-11D3-BF4B-00C04F79EFBC}") = "1", "1\1.csproj", "{3A055D37-A9F9-4FE2-9F18-8E366D889F19}"
EndProject
Project("{FAE04EC0-301F-11D3-BF4B-00C04F79EFBC}") = "2", "2\2.csproj", "{64E8E569-D446-4A94-BBD4-761B5E6E6896}"
EndProject
Project("{FAE04EC0-301F-11D3-BF4B-00C04F79EFBC}") = "3", "3\3.csproj", "{D6388339-0E37-45CA-8D14-BED8FD00AF02}"
EndProject
Project("{FAE04EC0-301F-11D3-BF4B-00C04F79EFBC}") = "4", "4\4.csproj", "{10FB543B-86E4-4BB6-9F93-2D7527B95791}"
EndProject
Project("{FAE04EC0-301F-11D3-BF4B-00C04F79EFBC}") = "5", "5\5.csproj", "{DCD7A59B-F78B-4CA9-B183-DAC312CFBD13}"
EndProject
Project("{FAE04EC0-301F-11D3-BF4B-00C04F79EFBC}") = "6", "6\6.csproj", "{7E4810FC-23D3-4C50-A29C-BE2D63308CA4}"
EndProject
Project("{FAE04EC0-301F-11D3-BF4B-00C04F79EFBC}") = "7", "7\7.csproj", "{3CD12C58-C711-4E59-8A67-37336F626D29}"
EndProject
Project("{FAE04EC0-301F-11D3-BF4B-00C04F79EFBC}") = "8", "8\8.csproj", "{ADF59820-6F2E-486A-BE9F-D3049449C02D}"
EndProject
Project("{FAE04EC0-301F-11D3-BF4B-00C04F79EFBC}") = "9", "9\9.csproj", "{EFC15ED9-ABAD-439F-B399-02667C479405}"
EndProject
Project("{FAE04EC0-301F-11D3-BF4B-00C04F79EFBC}") = "10", "10\10.csproj", "{D6F2DED4-2154-4D40-BAAD-36ACA78E42CA}"
EndProject
Global
	GlobalSection(SolutionConfigurationPlatforms) = preSolution
		Debug|Any CPU = Debug|Any CPU
		Release|Any CPU = Release|Any CPU
	EndGlobalSection
	GlobalSection(ProjectConfigurationPlatforms) = postSolution
		{3A055D37-A9F9-4FE2-9F18-8E366D889F19}.Debug|Any CPU.ActiveCfg = Debug|Any CPU
		{3A055D37-A9F9-4FE2-9F18-8E366D889F19}.Debug|Any CPU.Build.0 = Debug|Any CPU
		{3A055D37-A9F9-4FE2-9F18-8E366D889F19}.Release|Any CPU.ActiveCfg = Release|Any CPU
		{3A055D37-A9F9-4FE2-9F18-8E366D889F19}.Release|Any CPU.Build.0 = Release|Any CPU
		{64E8E569-D446-4A94-BBD4-761B5E6E6896}.Debug|Any CPU.ActiveCfg = Debug|Any CPU
		{64E8E569-D446-4A94-BBD4-761B5E6E6896}.Debug|Any CPU.Build.0 = Debug|Any CPU
		{64E8E569-D446-4A94-BBD4-761B5E6E6896}.Release|Any CPU.ActiveCfg = Release|Any CPU
		{64E8E569-D446-4A94-BBD4-761B5E6E6896}.Release|Any CPU.Build.0 = Release|Any CPU
		{D6388339-0E37-45CA-8D14-BED8FD00AF02}.Debug|Any CPU.ActiveCfg = Debug|Any CPU
		{D6388339-0E37-45CA-8D14-BED8FD00AF02}.Debug|Any CPU.Build.0 = Debug|Any CPU
		{D6388339-0E37-45CA-8D14-BED8FD00AF02}.Release|Any CPU.ActiveCfg = Release|Any CPU
		{D6388339-0E37-45CA-8D14-BED8FD00AF02}.Release|Any CPU.Build.0 = Release|Any CPU
		{10FB543B-86E4-4BB6-9F93-2D7527B95791}.Debug|Any CPU.ActiveCfg = Debug|Any CPU
		{10FB543B-86E4-4BB6-9F93-2D7527B95791}.Debug|Any CPU.Build.0 = Debug|Any CPU
		{10FB543B-86E4-4BB6-9F93-2D7527B95791}.Release|Any CPU.ActiveCfg = Release|Any CPU
		{10FB543B-86E4-4BB6-9F93-2D7527B95791}.Release|Any CPU.Build.0 = Release|Any CPU
		{DCD7A59B-F78B-4CA9-B183-DAC312CFBD13}.Debug|Any CPU.ActiveCfg = Debug|Any CPU
		{DCD7A59B-F78B-4CA9-B183-DAC312CFBD13}.Debug|Any CPU.Build.0 = Debug|Any CPU
		{DCD7A59B-F78B-4CA9-B183-DAC312CFBD13}.Release|Any CPU.ActiveCfg = Release|Any CPU
		{DCD7A59B-F78B-4CA9-B183-DAC312CFBD13}.Release|Any CPU.Build.0 = Release|Any CPU
		{7E4810FC-23D3-4C50-A29C-BE2D63308CA4}.Debug|Any CPU.ActiveCfg = Debug|Any CPU
		{7E4810FC-23D3-4C50-A29C-BE2D63308CA4}.Debug|Any CPU.Build.0 = Debug|Any CPU
		{7E4810FC-23D3-4C50-A29C-BE2D63308CA4}.Release|Any CPU.ActiveCfg = Release|Any CPU
		{7E4810FC-23D3-4C50-A29C-BE2D63308CA4}.Release|Any CPU.Build.0 = Release|Any CPU
		{3CD12C58-C711-4E59-8A67-37336F626D29}.Debug|Any CPU.ActiveCfg = Debug|Any CPU
		{3CD12C58-C711-4E59-8A67-37336F626D29}.Debug|Any CPU.Build.0 = Debug|Any CPU
		{3CD12C58-C711-4E59-8A67-37336F626D29}.Release|Any CPU.ActiveCfg = Release|Any CPU
		{3CD12C58-C711-4E59-8A67-37336F626D29}.Release|Any CPU.Build.0 = Release|Any CPU
		{ADF59820-6F2E-486A-BE9F-D3049449C02D}.Debug|Any CPU.ActiveCfg = Debug|Any CPU
		{ADF59820-6F2E-486A-BE9F-D3049449C02D}.Debug|Any CPU.Build.0 = Debug|Any CPU
		{ADF59820-6F2E-486A-BE9F-D3049449C02D}.Release|Any CPU.ActiveCfg = Release|Any CPU
		{ADF59820-6F2E-486A-BE9F-D3049449C02D}.Release|Any CPU.Build.0 = Release|Any CPU
		{EFC15ED9-ABAD-439F-B399-02667C479405}.Debug|Any CPU.ActiveCfg = Debug|Any CPU
		{EFC15ED9-ABAD-439F-B399-02667C479405}.Debug|Any CPU.Build.0 = Debug|Any CPU
		{EFC15ED9-ABAD-439F-B399-02667C479405}.Release|Any CPU.ActiveCfg = Release|Any CPU
		{EFC15ED9-ABAD-439F-B399-02667C479405}.Release|Any CPU.Build.0 = Release|Any CPU
		{D6F2DED4-2154-4D40-BAAD-36ACA78E42CA}.Debug|Any CPU.ActiveCfg = Debug|Any CPU
		{D6F2DED4-2154-4D40-BAAD-36ACA78E42CA}.Debug|Any CPU.Build.0 = Debug|Any CPU
		{D6F2DED4-2154-4D40-BAAD-36ACA78E42CA}.Release|Any CPU.ActiveCfg = Release|Any CPU
		{D6F2DED4-2154-4D40-BAAD-36ACA78E42CA}.Release|Any CPU.Build.0 = Release|Any CPU
	EndGlobalSection
	GlobalSection(SolutionProperties) = preSolution
		HideSolutionNode = FALSE
	EndGlobalSection
EndGlobal
