
Microsoft Visual Studio Solution File, Format Version 12.00
# Visual Studio 14
VisualStudioVersion = 14.0.25420.1
MinimumVisualStudioVersion = 10.0.40219.1
Project("{FAE04EC0-301F-11D3-BF4B-00C04F79EFBC}") = "1", "1\1.csproj", "{6551415D-3FD4-43F3-88E3-18C395874AF5}"
EndProject
Project("{FAE04EC0-301F-11D3-BF4B-00C04F79EFBC}") = "2", "2\2.csproj", "{F5BE7816-4F75-4190-B2C0-55642C599877}"
EndProject
Project("{FAE04EC0-301F-11D3-BF4B-00C04F79EFBC}") = "3", "3\3.csproj", "{4D017293-1FAB-4A03-A02F-50855FA4C06E}"
EndProject
Project("{FAE04EC0-301F-11D3-BF4B-00C04F79EFBC}") = "4", "4\4.csproj", "{9DA0D74D-4CC4-405D-9388-26500CBC6B28}"
EndProject
Project("{FAE04EC0-301F-11D3-BF4B-00C04F79EFBC}") = "5", "5\5.csproj", "{CAFED400-4A65-4BEF-8AD0-0295CB9622C7}"
EndProject
Project("{FAE04EC0-301F-11D3-BF4B-00C04F79EFBC}") = "6", "6\6.csproj", "{E57F8C7A-13B0-45F2-A951-7E538C5D32BB}"
EndProject
Global
	GlobalSection(SolutionConfigurationPlatforms) = preSolution
		Debug|Any CPU = Debug|Any CPU
		Release|Any CPU = Release|Any CPU
	EndGlobalSection
	GlobalSection(ProjectConfigurationPlatforms) = postSolution
		{6551415D-3FD4-43F3-88E3-18C395874AF5}.Debug|Any CPU.ActiveCfg = Debug|Any CPU
		{6551415D-3FD4-43F3-88E3-18C395874AF5}.Debug|Any CPU.Build.0 = Debug|Any CPU
		{6551415D-3FD4-43F3-88E3-18C395874AF5}.Release|Any CPU.ActiveCfg = Release|Any CPU
		{6551415D-3FD4-43F3-88E3-18C395874AF5}.Release|Any CPU.Build.0 = Release|Any CPU
		{F5BE7816-4F75-4190-B2C0-55642C599877}.Debug|Any CPU.ActiveCfg = Debug|Any CPU
		{F5BE7816-4F75-4190-B2C0-55642C599877}.Debug|Any CPU.Build.0 = Debug|Any CPU
		{F5BE7816-4F75-4190-B2C0-55642C599877}.Release|Any CPU.ActiveCfg = Release|Any CPU
		{F5BE7816-4F75-4190-B2C0-55642C599877}.Release|Any CPU.Build.0 = Release|Any CPU
		{4D017293-1FAB-4A03-A02F-50855FA4C06E}.Debug|Any CPU.ActiveCfg = Debug|Any CPU
		{4D017293-1FAB-4A03-A02F-50855FA4C06E}.Debug|Any CPU.Build.0 = Debug|Any CPU
		{4D017293-1FAB-4A03-A02F-50855FA4C06E}.Release|Any CPU.ActiveCfg = Release|Any CPU
		{4D017293-1FAB-4A03-A02F-50855FA4C06E}.Release|Any CPU.Build.0 = Release|Any CPU
		{9DA0D74D-4CC4-405D-9388-26500CBC6B28}.Debug|Any CPU.ActiveCfg = Debug|Any CPU
		{9DA0D74D-4CC4-405D-9388-26500CBC6B28}.Debug|Any CPU.Build.0 = Debug|Any CPU
		{9DA0D74D-4CC4-405D-9388-26500CBC6B28}.Release|Any CPU.ActiveCfg = Release|Any CPU
		{9DA0D74D-4CC4-405D-9388-26500CBC6B28}.Release|Any CPU.Build.0 = Release|Any CPU
		{CAFED400-4A65-4BEF-8AD0-0295CB9622C7}.Debug|Any CPU.ActiveCfg = Debug|Any CPU
		{CAFED400-4A65-4BEF-8AD0-0295CB9622C7}.Debug|Any CPU.Build.0 = Debug|Any CPU
		{CAFED400-4A65-4BEF-8AD0-0295CB9622C7}.Release|Any CPU.ActiveCfg = Release|Any CPU
		{CAFED400-4A65-4BEF-8AD0-0295CB9622C7}.Release|Any CPU.Build.0 = Release|Any CPU
		{E57F8C7A-13B0-45F2-A951-7E538C5D32BB}.Debug|Any CPU.ActiveCfg = Debug|Any CPU
		{E57F8C7A-13B0-45F2-A951-7E538C5D32BB}.Debug|Any CPU.Build.0 = Debug|Any CPU
		{E57F8C7A-13B0-45F2-A951-7E538C5D32BB}.Release|Any CPU.ActiveCfg = Release|Any CPU
		{E57F8C7A-13B0-45F2-A951-7E538C5D32BB}.Release|Any CPU.Build.0 = Release|Any CPU
	EndGlobalSection
	GlobalSection(SolutionProperties) = preSolution
		HideSolutionNode = FALSE
	EndGlobalSection
EndGlobal
