
Microsoft Visual Studio Solution File, Format Version 12.00
# Visual Studio 15
VisualStudioVersion = 15.0.26430.16
MinimumVisualStudioVersion = 10.0.40219.1
Project("{FAE04EC0-301F-11D3-BF4B-00C04F79EFBC}") = "1", "1\1.csproj", "{37DB41E3-2CC4-452B-9DD9-71FEB7E10CB7}"
EndProject
Project("{FAE04EC0-301F-11D3-BF4B-00C04F79EFBC}") = "2", "2\2.csproj", "{0B3DCE76-C0F7-4F8B-B406-A715040CA4CB}"
EndProject
Project("{FAE04EC0-301F-11D3-BF4B-00C04F79EFBC}") = "3", "3\3.csproj", "{3CA3A40E-B6BC-44DB-8C19-C7414E0CD1B5}"
EndProject
Project("{FAE04EC0-301F-11D3-BF4B-00C04F79EFBC}") = "4", "4\4.csproj", "{C7A4D63B-518D-4F96-A1AA-F9E0DB252697}"
EndProject
Project("{FAE04EC0-301F-11D3-BF4B-00C04F79EFBC}") = "5", "5\5.csproj", "{DA6B6A5F-0408-4E92-B75A-63765E8C3A09}"
EndProject
Project("{FAE04EC0-301F-11D3-BF4B-00C04F79EFBC}") = "6", "6\6.csproj", "{15979D7E-1C3C-4485-A7BF-02E94FCC5AC9}"
EndProject
Project("{FAE04EC0-301F-11D3-BF4B-00C04F79EFBC}") = "6_2", "6_2\6_2.csproj", "{10379977-C31F-47BA-B4BB-D940031FE8F8}"
EndProject
Project("{FAE04EC0-301F-11D3-BF4B-00C04F79EFBC}") = "7", "7\7.csproj", "{D9D088C8-325C-4FA1-B5E3-DE107802A95C}"
EndProject
Project("{FAE04EC0-301F-11D3-BF4B-00C04F79EFBC}") = "7_2", "7_2\7_2.csproj", "{1C338409-6731-4532-AEDB-BA6F3A88CBE5}"
EndProject
Global
	GlobalSection(SolutionConfigurationPlatforms) = preSolution
		Debug|Any CPU = Debug|Any CPU
		Release|Any CPU = Release|Any CPU
	EndGlobalSection
	GlobalSection(ProjectConfigurationPlatforms) = postSolution
		{37DB41E3-2CC4-452B-9DD9-71FEB7E10CB7}.Debug|Any CPU.ActiveCfg = Debug|Any CPU
		{37DB41E3-2CC4-452B-9DD9-71FEB7E10CB7}.Debug|Any CPU.Build.0 = Debug|Any CPU
		{37DB41E3-2CC4-452B-9DD9-71FEB7E10CB7}.Release|Any CPU.ActiveCfg = Release|Any CPU
		{37DB41E3-2CC4-452B-9DD9-71FEB7E10CB7}.Release|Any CPU.Build.0 = Release|Any CPU
		{0B3DCE76-C0F7-4F8B-B406-A715040CA4CB}.Debug|Any CPU.ActiveCfg = Debug|Any CPU
		{0B3DCE76-C0F7-4F8B-B406-A715040CA4CB}.Debug|Any CPU.Build.0 = Debug|Any CPU
		{0B3DCE76-C0F7-4F8B-B406-A715040CA4CB}.Release|Any CPU.ActiveCfg = Release|Any CPU
		{0B3DCE76-C0F7-4F8B-B406-A715040CA4CB}.Release|Any CPU.Build.0 = Release|Any CPU
		{3CA3A40E-B6BC-44DB-8C19-C7414E0CD1B5}.Debug|Any CPU.ActiveCfg = Debug|Any CPU
		{3CA3A40E-B6BC-44DB-8C19-C7414E0CD1B5}.Debug|Any CPU.Build.0 = Debug|Any CPU
		{3CA3A40E-B6BC-44DB-8C19-C7414E0CD1B5}.Release|Any CPU.ActiveCfg = Release|Any CPU
		{3CA3A40E-B6BC-44DB-8C19-C7414E0CD1B5}.Release|Any CPU.Build.0 = Release|Any CPU
		{C7A4D63B-518D-4F96-A1AA-F9E0DB252697}.Debug|Any CPU.ActiveCfg = Debug|Any CPU
		{C7A4D63B-518D-4F96-A1AA-F9E0DB252697}.Debug|Any CPU.Build.0 = Debug|Any CPU
		{C7A4D63B-518D-4F96-A1AA-F9E0DB252697}.Release|Any CPU.ActiveCfg = Release|Any CPU
		{C7A4D63B-518D-4F96-A1AA-F9E0DB252697}.Release|Any CPU.Build.0 = Release|Any CPU
		{DA6B6A5F-0408-4E92-B75A-63765E8C3A09}.Debug|Any CPU.ActiveCfg = Debug|Any CPU
		{DA6B6A5F-0408-4E92-B75A-63765E8C3A09}.Debug|Any CPU.Build.0 = Debug|Any CPU
		{DA6B6A5F-0408-4E92-B75A-63765E8C3A09}.Release|Any CPU.ActiveCfg = Release|Any CPU
		{DA6B6A5F-0408-4E92-B75A-63765E8C3A09}.Release|Any CPU.Build.0 = Release|Any CPU
		{15979D7E-1C3C-4485-A7BF-02E94FCC5AC9}.Debug|Any CPU.ActiveCfg = Debug|Any CPU
		{15979D7E-1C3C-4485-A7BF-02E94FCC5AC9}.Debug|Any CPU.Build.0 = Debug|Any CPU
		{15979D7E-1C3C-4485-A7BF-02E94FCC5AC9}.Release|Any CPU.ActiveCfg = Release|Any CPU
		{15979D7E-1C3C-4485-A7BF-02E94FCC5AC9}.Release|Any CPU.Build.0 = Release|Any CPU
		{10379977-C31F-47BA-B4BB-D940031FE8F8}.Debug|Any CPU.ActiveCfg = Debug|Any CPU
		{10379977-C31F-47BA-B4BB-D940031FE8F8}.Debug|Any CPU.Build.0 = Debug|Any CPU
		{10379977-C31F-47BA-B4BB-D940031FE8F8}.Release|Any CPU.ActiveCfg = Release|Any CPU
		{10379977-C31F-47BA-B4BB-D940031FE8F8}.Release|Any CPU.Build.0 = Release|Any CPU
		{D9D088C8-325C-4FA1-B5E3-DE107802A95C}.Debug|Any CPU.ActiveCfg = Debug|Any CPU
		{D9D088C8-325C-4FA1-B5E3-DE107802A95C}.Debug|Any CPU.Build.0 = Debug|Any CPU
		{D9D088C8-325C-4FA1-B5E3-DE107802A95C}.Release|Any CPU.ActiveCfg = Release|Any CPU
		{D9D088C8-325C-4FA1-B5E3-DE107802A95C}.Release|Any CPU.Build.0 = Release|Any CPU
		{1C338409-6731-4532-AEDB-BA6F3A88CBE5}.Debug|Any CPU.ActiveCfg = Debug|Any CPU
		{1C338409-6731-4532-AEDB-BA6F3A88CBE5}.Debug|Any CPU.Build.0 = Debug|Any CPU
		{1C338409-6731-4532-AEDB-BA6F3A88CBE5}.Release|Any CPU.ActiveCfg = Release|Any CPU
		{1C338409-6731-4532-AEDB-BA6F3A88CBE5}.Release|Any CPU.Build.0 = Release|Any CPU
	EndGlobalSection
	GlobalSection(SolutionProperties) = preSolution
		HideSolutionNode = FALSE
	EndGlobalSection
EndGlobal
