
Microsoft Visual Studio Solution File, Format Version 12.00
# Visual Studio 15
VisualStudioVersion = 15.0.26430.16
MinimumVisualStudioVersion = 10.0.40219.1
Project("{FAE04EC0-301F-11D3-BF4B-00C04F79EFBC}") = "1", "1\1.csproj", "{49738885-153B-4EF3-872B-8B81E2AC6715}"
EndProject
Project("{FAE04EC0-301F-11D3-BF4B-00C04F79EFBC}") = "1_1", "1_1\1_1.csproj", "{76C2EBD8-2718-49E1-9434-F2EDC7872137}"
EndProject
Project("{FAE04EC0-301F-11D3-BF4B-00C04F79EFBC}") = "2", "2\2.csproj", "{3E610497-B26C-496A-BE7C-0C0ADE62156A}"
EndProject
Project("{FAE04EC0-301F-11D3-BF4B-00C04F79EFBC}") = "3", "3\3.csproj", "{E47B6065-6C91-411D-A5FB-93A615580759}"
EndProject
Project("{FAE04EC0-301F-11D3-BF4B-00C04F79EFBC}") = "4", "4\4.csproj", "{BA67AEBA-94CD-4D8B-B612-9DCFE9BD3E0C}"
EndProject
Project("{FAE04EC0-301F-11D3-BF4B-00C04F79EFBC}") = "5", "5\5.csproj", "{F5D278D7-CAA5-4EDB-B6B0-F3789C6F1560}"
EndProject
Project("{FAE04EC0-301F-11D3-BF4B-00C04F79EFBC}") = "6", "6\6.csproj", "{8141D5BE-1263-4D01-9914-EAE62286790D}"
EndProject
Project("{FAE04EC0-301F-11D3-BF4B-00C04F79EFBC}") = "7", "7\7.csproj", "{DBCA9640-63E9-4D35-B514-23351F4EED93}"
EndProject
Project("{FAE04EC0-301F-11D3-BF4B-00C04F79EFBC}") = "temp", "temp\temp.csproj", "{D07DE398-0E8A-44D0-98A6-D818C478E4EA}"
EndProject
Global
	GlobalSection(SolutionConfigurationPlatforms) = preSolution
		Debug|Any CPU = Debug|Any CPU
		Release|Any CPU = Release|Any CPU
	EndGlobalSection
	GlobalSection(ProjectConfigurationPlatforms) = postSolution
		{49738885-153B-4EF3-872B-8B81E2AC6715}.Debug|Any CPU.ActiveCfg = Debug|Any CPU
		{49738885-153B-4EF3-872B-8B81E2AC6715}.Debug|Any CPU.Build.0 = Debug|Any CPU
		{49738885-153B-4EF3-872B-8B81E2AC6715}.Release|Any CPU.ActiveCfg = Release|Any CPU
		{49738885-153B-4EF3-872B-8B81E2AC6715}.Release|Any CPU.Build.0 = Release|Any CPU
		{76C2EBD8-2718-49E1-9434-F2EDC7872137}.Debug|Any CPU.ActiveCfg = Debug|Any CPU
		{76C2EBD8-2718-49E1-9434-F2EDC7872137}.Debug|Any CPU.Build.0 = Debug|Any CPU
		{76C2EBD8-2718-49E1-9434-F2EDC7872137}.Release|Any CPU.ActiveCfg = Release|Any CPU
		{76C2EBD8-2718-49E1-9434-F2EDC7872137}.Release|Any CPU.Build.0 = Release|Any CPU
		{3E610497-B26C-496A-BE7C-0C0ADE62156A}.Debug|Any CPU.ActiveCfg = Debug|Any CPU
		{3E610497-B26C-496A-BE7C-0C0ADE62156A}.Debug|Any CPU.Build.0 = Debug|Any CPU
		{3E610497-B26C-496A-BE7C-0C0ADE62156A}.Release|Any CPU.ActiveCfg = Release|Any CPU
		{3E610497-B26C-496A-BE7C-0C0ADE62156A}.Release|Any CPU.Build.0 = Release|Any CPU
		{E47B6065-6C91-411D-A5FB-93A615580759}.Debug|Any CPU.ActiveCfg = Debug|Any CPU
		{E47B6065-6C91-411D-A5FB-93A615580759}.Debug|Any CPU.Build.0 = Debug|Any CPU
		{E47B6065-6C91-411D-A5FB-93A615580759}.Release|Any CPU.ActiveCfg = Release|Any CPU
		{E47B6065-6C91-411D-A5FB-93A615580759}.Release|Any CPU.Build.0 = Release|Any CPU
		{BA67AEBA-94CD-4D8B-B612-9DCFE9BD3E0C}.Debug|Any CPU.ActiveCfg = Debug|Any CPU
		{BA67AEBA-94CD-4D8B-B612-9DCFE9BD3E0C}.Debug|Any CPU.Build.0 = Debug|Any CPU
		{BA67AEBA-94CD-4D8B-B612-9DCFE9BD3E0C}.Release|Any CPU.ActiveCfg = Release|Any CPU
		{BA67AEBA-94CD-4D8B-B612-9DCFE9BD3E0C}.Release|Any CPU.Build.0 = Release|Any CPU
		{F5D278D7-CAA5-4EDB-B6B0-F3789C6F1560}.Debug|Any CPU.ActiveCfg = Debug|Any CPU
		{F5D278D7-CAA5-4EDB-B6B0-F3789C6F1560}.Debug|Any CPU.Build.0 = Debug|Any CPU
		{F5D278D7-CAA5-4EDB-B6B0-F3789C6F1560}.Release|Any CPU.ActiveCfg = Release|Any CPU
		{F5D278D7-CAA5-4EDB-B6B0-F3789C6F1560}.Release|Any CPU.Build.0 = Release|Any CPU
		{8141D5BE-1263-4D01-9914-EAE62286790D}.Debug|Any CPU.ActiveCfg = Debug|Any CPU
		{8141D5BE-1263-4D01-9914-EAE62286790D}.Debug|Any CPU.Build.0 = Debug|Any CPU
		{8141D5BE-1263-4D01-9914-EAE62286790D}.Release|Any CPU.ActiveCfg = Release|Any CPU
		{8141D5BE-1263-4D01-9914-EAE62286790D}.Release|Any CPU.Build.0 = Release|Any CPU
		{DBCA9640-63E9-4D35-B514-23351F4EED93}.Debug|Any CPU.ActiveCfg = Debug|Any CPU
		{DBCA9640-63E9-4D35-B514-23351F4EED93}.Debug|Any CPU.Build.0 = Debug|Any CPU
		{DBCA9640-63E9-4D35-B514-23351F4EED93}.Release|Any CPU.ActiveCfg = Release|Any CPU
		{DBCA9640-63E9-4D35-B514-23351F4EED93}.Release|Any CPU.Build.0 = Release|Any CPU
		{D07DE398-0E8A-44D0-98A6-D818C478E4EA}.Debug|Any CPU.ActiveCfg = Debug|Any CPU
		{D07DE398-0E8A-44D0-98A6-D818C478E4EA}.Debug|Any CPU.Build.0 = Debug|Any CPU
		{D07DE398-0E8A-44D0-98A6-D818C478E4EA}.Release|Any CPU.ActiveCfg = Release|Any CPU
		{D07DE398-0E8A-44D0-98A6-D818C478E4EA}.Release|Any CPU.Build.0 = Release|Any CPU
	EndGlobalSection
	GlobalSection(SolutionProperties) = preSolution
		HideSolutionNode = FALSE
	EndGlobalSection
EndGlobal
