
Microsoft Visual Studio Solution File, Format Version 12.00
# Visual Studio 14
VisualStudioVersion = 14.0.25420.1
MinimumVisualStudioVersion = 10.0.40219.1
Project("{FAE04EC0-301F-11D3-BF4B-00C04F79EFBC}") = "1", "Clases\1.csproj", "{D3B00789-2EE5-4F74-A915-7AB85E5DB886}"
EndProject
Project("{FAE04EC0-301F-11D3-BF4B-00C04F79EFBC}") = "2", "2\2.csproj", "{90FE51DE-58E2-4536-8F39-60FEDFFBE191}"
EndProject
Project("{FAE04EC0-301F-11D3-BF4B-00C04F79EFBC}") = "3", "3\3.csproj", "{7543C269-E866-4791-8845-11461B274A15}"
EndProject
Project("{FAE04EC0-301F-11D3-BF4B-00C04F79EFBC}") = "4", "4\4.csproj", "{4C864643-75AB-4314-8954-0913C25C9040}"
EndProject
Project("{FAE04EC0-301F-11D3-BF4B-00C04F79EFBC}") = "5", "5\5.csproj", "{D68A5F5D-052B-418B-8D00-C016696F32A9}"
EndProject
Project("{FAE04EC0-301F-11D3-BF4B-00C04F79EFBC}") = "temp", "temp\temp.csproj", "{B52CD6BB-2D28-4B56-A560-E40A40C4F41E}"
EndProject
Project("{FAE04EC0-301F-11D3-BF4B-00C04F79EFBC}") = "6", "6\6.csproj", "{131DDE46-D2E6-4AA6-BF82-C1D94FAA721C}"
EndProject
Project("{FAE04EC0-301F-11D3-BF4B-00C04F79EFBC}") = "7", "7\7.csproj", "{7D448766-E83C-4800-A8C0-83A0FD0C18D6}"
EndProject
Project("{FAE04EC0-301F-11D3-BF4B-00C04F79EFBC}") = "8", "8\8.csproj", "{3123B353-28CB-491C-ABB0-88BDA3533B3F}"
EndProject
Project("{FAE04EC0-301F-11D3-BF4B-00C04F79EFBC}") = "9", "9\9.csproj", "{AF75C852-FF63-4E59-9742-BA7AA7FAB411}"
EndProject
Project("{FAE04EC0-301F-11D3-BF4B-00C04F79EFBC}") = "last", "last\last.csproj", "{8264E237-E811-4F75-AB38-94342356450E}"
EndProject
Project("{FAE04EC0-301F-11D3-BF4B-00C04F79EFBC}") = "CofeeSupplies", "CofeeSupplies\CofeeSupplies.csproj", "{C9CDDD94-CF9A-462D-AC63-F53D20D517B2}"
EndProject
Global
	GlobalSection(SolutionConfigurationPlatforms) = preSolution
		Debug|Any CPU = Debug|Any CPU
		Release|Any CPU = Release|Any CPU
	EndGlobalSection
	GlobalSection(ProjectConfigurationPlatforms) = postSolution
		{D3B00789-2EE5-4F74-A915-7AB85E5DB886}.Debug|Any CPU.ActiveCfg = Debug|Any CPU
		{D3B00789-2EE5-4F74-A915-7AB85E5DB886}.Debug|Any CPU.Build.0 = Debug|Any CPU
		{D3B00789-2EE5-4F74-A915-7AB85E5DB886}.Release|Any CPU.ActiveCfg = Release|Any CPU
		{D3B00789-2EE5-4F74-A915-7AB85E5DB886}.Release|Any CPU.Build.0 = Release|Any CPU
		{90FE51DE-58E2-4536-8F39-60FEDFFBE191}.Debug|Any CPU.ActiveCfg = Debug|Any CPU
		{90FE51DE-58E2-4536-8F39-60FEDFFBE191}.Debug|Any CPU.Build.0 = Debug|Any CPU
		{90FE51DE-58E2-4536-8F39-60FEDFFBE191}.Release|Any CPU.ActiveCfg = Release|Any CPU
		{90FE51DE-58E2-4536-8F39-60FEDFFBE191}.Release|Any CPU.Build.0 = Release|Any CPU
		{7543C269-E866-4791-8845-11461B274A15}.Debug|Any CPU.ActiveCfg = Debug|Any CPU
		{7543C269-E866-4791-8845-11461B274A15}.Debug|Any CPU.Build.0 = Debug|Any CPU
		{7543C269-E866-4791-8845-11461B274A15}.Release|Any CPU.ActiveCfg = Release|Any CPU
		{7543C269-E866-4791-8845-11461B274A15}.Release|Any CPU.Build.0 = Release|Any CPU
		{4C864643-75AB-4314-8954-0913C25C9040}.Debug|Any CPU.ActiveCfg = Debug|Any CPU
		{4C864643-75AB-4314-8954-0913C25C9040}.Debug|Any CPU.Build.0 = Debug|Any CPU
		{4C864643-75AB-4314-8954-0913C25C9040}.Release|Any CPU.ActiveCfg = Release|Any CPU
		{4C864643-75AB-4314-8954-0913C25C9040}.Release|Any CPU.Build.0 = Release|Any CPU
		{D68A5F5D-052B-418B-8D00-C016696F32A9}.Debug|Any CPU.ActiveCfg = Debug|Any CPU
		{D68A5F5D-052B-418B-8D00-C016696F32A9}.Debug|Any CPU.Build.0 = Debug|Any CPU
		{D68A5F5D-052B-418B-8D00-C016696F32A9}.Release|Any CPU.ActiveCfg = Release|Any CPU
		{D68A5F5D-052B-418B-8D00-C016696F32A9}.Release|Any CPU.Build.0 = Release|Any CPU
		{B52CD6BB-2D28-4B56-A560-E40A40C4F41E}.Debug|Any CPU.ActiveCfg = Debug|Any CPU
		{B52CD6BB-2D28-4B56-A560-E40A40C4F41E}.Debug|Any CPU.Build.0 = Debug|Any CPU
		{B52CD6BB-2D28-4B56-A560-E40A40C4F41E}.Release|Any CPU.ActiveCfg = Release|Any CPU
		{B52CD6BB-2D28-4B56-A560-E40A40C4F41E}.Release|Any CPU.Build.0 = Release|Any CPU
		{131DDE46-D2E6-4AA6-BF82-C1D94FAA721C}.Debug|Any CPU.ActiveCfg = Debug|Any CPU
		{131DDE46-D2E6-4AA6-BF82-C1D94FAA721C}.Debug|Any CPU.Build.0 = Debug|Any CPU
		{131DDE46-D2E6-4AA6-BF82-C1D94FAA721C}.Release|Any CPU.ActiveCfg = Release|Any CPU
		{131DDE46-D2E6-4AA6-BF82-C1D94FAA721C}.Release|Any CPU.Build.0 = Release|Any CPU
		{7D448766-E83C-4800-A8C0-83A0FD0C18D6}.Debug|Any CPU.ActiveCfg = Debug|Any CPU
		{7D448766-E83C-4800-A8C0-83A0FD0C18D6}.Debug|Any CPU.Build.0 = Debug|Any CPU
		{7D448766-E83C-4800-A8C0-83A0FD0C18D6}.Release|Any CPU.ActiveCfg = Release|Any CPU
		{7D448766-E83C-4800-A8C0-83A0FD0C18D6}.Release|Any CPU.Build.0 = Release|Any CPU
		{3123B353-28CB-491C-ABB0-88BDA3533B3F}.Debug|Any CPU.ActiveCfg = Debug|Any CPU
		{3123B353-28CB-491C-ABB0-88BDA3533B3F}.Debug|Any CPU.Build.0 = Debug|Any CPU
		{3123B353-28CB-491C-ABB0-88BDA3533B3F}.Release|Any CPU.ActiveCfg = Release|Any CPU
		{3123B353-28CB-491C-ABB0-88BDA3533B3F}.Release|Any CPU.Build.0 = Release|Any CPU
		{AF75C852-FF63-4E59-9742-BA7AA7FAB411}.Debug|Any CPU.ActiveCfg = Debug|Any CPU
		{AF75C852-FF63-4E59-9742-BA7AA7FAB411}.Debug|Any CPU.Build.0 = Debug|Any CPU
		{AF75C852-FF63-4E59-9742-BA7AA7FAB411}.Release|Any CPU.ActiveCfg = Release|Any CPU
		{AF75C852-FF63-4E59-9742-BA7AA7FAB411}.Release|Any CPU.Build.0 = Release|Any CPU
		{8264E237-E811-4F75-AB38-94342356450E}.Debug|Any CPU.ActiveCfg = Debug|Any CPU
		{8264E237-E811-4F75-AB38-94342356450E}.Debug|Any CPU.Build.0 = Debug|Any CPU
		{8264E237-E811-4F75-AB38-94342356450E}.Release|Any CPU.ActiveCfg = Release|Any CPU
		{8264E237-E811-4F75-AB38-94342356450E}.Release|Any CPU.Build.0 = Release|Any CPU
		{C9CDDD94-CF9A-462D-AC63-F53D20D517B2}.Debug|Any CPU.ActiveCfg = Debug|Any CPU
		{C9CDDD94-CF9A-462D-AC63-F53D20D517B2}.Debug|Any CPU.Build.0 = Debug|Any CPU
		{C9CDDD94-CF9A-462D-AC63-F53D20D517B2}.Release|Any CPU.ActiveCfg = Release|Any CPU
		{C9CDDD94-CF9A-462D-AC63-F53D20D517B2}.Release|Any CPU.Build.0 = Release|Any CPU
	EndGlobalSection
	GlobalSection(SolutionProperties) = preSolution
		HideSolutionNode = FALSE
	EndGlobalSection
EndGlobal
